// !$*UTF8*$!
{
	archiveVersion = 1;
	classes = {
	};
	objectVersion = 50;
	objects = {

/* Begin PBXBuildFile section */
		250F700D32B54512E4B8B07C /* libPods-Driftwood_tvOS.a in Frameworks */ = {isa = PBXBuildFile; fileRef = A900FF6C06DFE3665C082920 /* libPods-Driftwood_tvOS.a */; };
		A07C0A7E22186463008DC5A9 /* AppDelegate.swift in Sources */ = {isa = PBXBuildFile; fileRef = A07C0A7D22186463008DC5A9 /* AppDelegate.swift */; };
		A07C0A8022186463008DC5A9 /* ViewController.swift in Sources */ = {isa = PBXBuildFile; fileRef = A07C0A7F22186463008DC5A9 /* ViewController.swift */; };
		A07C0A8322186463008DC5A9 /* Main.storyboard in Resources */ = {isa = PBXBuildFile; fileRef = A07C0A8122186463008DC5A9 /* Main.storyboard */; };
		A07C0A8522186464008DC5A9 /* Assets.xcassets in Resources */ = {isa = PBXBuildFile; fileRef = A07C0A8422186464008DC5A9 /* Assets.xcassets */; };
		CACF0332221C0F3100995B82 /* Utils.swift in Sources */ = {isa = PBXBuildFile; fileRef = CACF0331221C0F3000995B82 /* Utils.swift */; };
/* End PBXBuildFile section */

/* Begin PBXFileReference section */
		83D9C3D91C90603D59F915A7 /* Pods-Driftwood_tvOS.debug.xcconfig */ = {isa = PBXFileReference; includeInIndex = 1; lastKnownFileType = text.xcconfig; name = "Pods-Driftwood_tvOS.debug.xcconfig"; path = "Pods/Target Support Files/Pods-Driftwood_tvOS/Pods-Driftwood_tvOS.debug.xcconfig"; sourceTree = "<group>"; };
		92D58BAE2BA5C5612C13B445 /* Pods-Driftwood_tvOS.release.xcconfig */ = {isa = PBXFileReference; includeInIndex = 1; lastKnownFileType = text.xcconfig; name = "Pods-Driftwood_tvOS.release.xcconfig"; path = "Pods/Target Support Files/Pods-Driftwood_tvOS/Pods-Driftwood_tvOS.release.xcconfig"; sourceTree = "<group>"; };
		A07C0A7A22186463008DC5A9 /* Driftwood_tvOS.app */ = {isa = PBXFileReference; explicitFileType = wrapper.application; includeInIndex = 0; path = Driftwood_tvOS.app; sourceTree = BUILT_PRODUCTS_DIR; };
		A07C0A7D22186463008DC5A9 /* AppDelegate.swift */ = {isa = PBXFileReference; lastKnownFileType = sourcecode.swift; path = AppDelegate.swift; sourceTree = "<group>"; };
		A07C0A7F22186463008DC5A9 /* ViewController.swift */ = {isa = PBXFileReference; lastKnownFileType = sourcecode.swift; path = ViewController.swift; sourceTree = "<group>"; };
		A07C0A8222186463008DC5A9 /* Base */ = {isa = PBXFileReference; lastKnownFileType = file.storyboard; name = Base; path = Base.lproj/Main.storyboard; sourceTree = "<group>"; };
		A07C0A8422186464008DC5A9 /* Assets.xcassets */ = {isa = PBXFileReference; lastKnownFileType = folder.assetcatalog; path = Assets.xcassets; sourceTree = "<group>"; };
		A07C0A8622186464008DC5A9 /* Info.plist */ = {isa = PBXFileReference; lastKnownFileType = text.plist.xml; path = Info.plist; sourceTree = "<group>"; };
		A900FF6C06DFE3665C082920 /* libPods-Driftwood_tvOS.a */ = {isa = PBXFileReference; explicitFileType = archive.ar; includeInIndex = 0; path = "libPods-Driftwood_tvOS.a"; sourceTree = BUILT_PRODUCTS_DIR; };
		CACF0331221C0F3000995B82 /* Utils.swift */ = {isa = PBXFileReference; fileEncoding = 4; lastKnownFileType = sourcecode.swift; path = Utils.swift; sourceTree = "<group>"; };
/* End PBXFileReference section */

/* Begin PBXFrameworksBuildPhase section */
		A07C0A7722186463008DC5A9 /* Frameworks */ = {
			isa = PBXFrameworksBuildPhase;
			buildActionMask = 2147483647;
			files = (
				250F700D32B54512E4B8B07C /* libPods-Driftwood_tvOS.a in Frameworks */,
			);
			runOnlyForDeploymentPostprocessing = 0;
		};
/* End PBXFrameworksBuildPhase section */

/* Begin PBXGroup section */
		A07C0A7122186463008DC5A9 = {
			isa = PBXGroup;
			children = (
				A07C0A7C22186463008DC5A9 /* Driftwood_tvOS */,
				A07C0A7B22186463008DC5A9 /* Products */,
				CFA20486074F66B7A4891AC8 /* Pods */,
				A46B98B266D39D21F50E5AD5 /* Frameworks */,
			);
			sourceTree = "<group>";
		};
		A07C0A7B22186463008DC5A9 /* Products */ = {
			isa = PBXGroup;
			children = (
				A07C0A7A22186463008DC5A9 /* Driftwood_tvOS.app */,
			);
			name = Products;
			sourceTree = "<group>";
		};
		A07C0A7C22186463008DC5A9 /* Driftwood_tvOS */ = {
			isa = PBXGroup;
			children = (
				CACF0331221C0F3000995B82 /* Utils.swift */,
				A07C0A7D22186463008DC5A9 /* AppDelegate.swift */,
				A07C0A7F22186463008DC5A9 /* ViewController.swift */,
				A07C0A8122186463008DC5A9 /* Main.storyboard */,
				A07C0A8422186464008DC5A9 /* Assets.xcassets */,
				A07C0A8622186464008DC5A9 /* Info.plist */,
			);
			path = Driftwood_tvOS;
			sourceTree = "<group>";
		};
		A46B98B266D39D21F50E5AD5 /* Frameworks */ = {
			isa = PBXGroup;
			children = (
				A900FF6C06DFE3665C082920 /* libPods-Driftwood_tvOS.a */,
			);
			name = Frameworks;
			sourceTree = "<group>";
		};
		CFA20486074F66B7A4891AC8 /* Pods */ = {
			isa = PBXGroup;
			children = (
				83D9C3D91C90603D59F915A7 /* Pods-Driftwood_tvOS.debug.xcconfig */,
				92D58BAE2BA5C5612C13B445 /* Pods-Driftwood_tvOS.release.xcconfig */,
			);
			name = Pods;
			sourceTree = "<group>";
		};
/* End PBXGroup section */

/* Begin PBXNativeTarget section */
		A07C0A7922186463008DC5A9 /* Driftwood_tvOS */ = {
			isa = PBXNativeTarget;
			buildConfigurationList = A07C0A8922186464008DC5A9 /* Build configuration list for PBXNativeTarget "Driftwood_tvOS" */;
			buildPhases = (
				3D124D2CEA43ABCCBCB234A1 /* [CP] Check Pods Manifest.lock */,
				A07C0A7622186463008DC5A9 /* Sources */,
				A07C0A7722186463008DC5A9 /* Frameworks */,
				A07C0A7822186463008DC5A9 /* Resources */,
			);
			buildRules = (
			);
			dependencies = (
			);
			name = Driftwood_tvOS;
			productName = Driftwood_tvOS;
			productReference = A07C0A7A22186463008DC5A9 /* Driftwood_tvOS.app */;
			productType = "com.apple.product-type.application";
		};
/* End PBXNativeTarget section */

/* Begin PBXProject section */
		A07C0A7222186463008DC5A9 /* Project object */ = {
			isa = PBXProject;
			attributes = {
				LastSwiftUpdateCheck = 1010;
				LastUpgradeCheck = 1010;
				ORGANIZATIONNAME = wlgemini;
				TargetAttributes = {
					A07C0A7922186463008DC5A9 = {
						CreatedOnToolsVersion = 10.1;
					};
				};
			};
			buildConfigurationList = A07C0A7522186463008DC5A9 /* Build configuration list for PBXProject "Driftwood_tvOS" */;
			compatibilityVersion = "Xcode 9.3";
			developmentRegion = en;
			hasScannedForEncodings = 0;
			knownRegions = (
				en,
				Base,
			);
			mainGroup = A07C0A7122186463008DC5A9;
			productRefGroup = A07C0A7B22186463008DC5A9 /* Products */;
			projectDirPath = "";
			projectRoot = "";
			targets = (
				A07C0A7922186463008DC5A9 /* Driftwood_tvOS */,
			);
		};
/* End PBXProject section */

/* Begin PBXResourcesBuildPhase section */
		A07C0A7822186463008DC5A9 /* Resources */ = {
			isa = PBXResourcesBuildPhase;
			buildActionMask = 2147483647;
			files = (
				A07C0A8522186464008DC5A9 /* Assets.xcassets in Resources */,
				A07C0A8322186463008DC5A9 /* Main.storyboard in Resources */,
			);
			runOnlyForDeploymentPostprocessing = 0;
		};
/* End PBXResourcesBuildPhase section */

/* Begin PBXShellScriptBuildPhase section */
		3D124D2CEA43ABCCBCB234A1 /* [CP] Check Pods Manifest.lock */ = {
			isa = PBXShellScriptBuildPhase;
			buildActionMask = 2147483647;
			files = (
			);
			inputPaths = (
				"${PODS_PODFILE_DIR_PATH}/Podfile.lock",
				"${PODS_ROOT}/Manifest.lock",
			);
			name = "[CP] Check Pods Manifest.lock";
			outputPaths = (
				"$(DERIVED_FILE_DIR)/Pods-Driftwood_tvOS-checkManifestLockResult.txt",
			);
			runOnlyForDeploymentPostprocessing = 0;
			shellPath = /bin/sh;
			shellScript = "diff \"${PODS_PODFILE_DIR_PATH}/Podfile.lock\" \"${PODS_ROOT}/Manifest.lock\" > /dev/null\nif [ $? != 0 ] ; then\n    # print error to STDERR\n    echo \"error: The sandbox is not in sync with the Podfile.lock. Run 'pod install' or update your CocoaPods installation.\" >&2\n    exit 1\nfi\n# This output is used by Xcode 'outputs' to avoid re-running this script phase.\necho \"SUCCESS\" > \"${SCRIPT_OUTPUT_FILE_0}\"\n";
			showEnvVarsInLog = 0;
		};
/* End PBXShellScriptBuildPhase section */

/* Begin PBXSourcesBuildPhase section */
		A07C0A7622186463008DC5A9 /* Sources */ = {
			isa = PBXSourcesBuildPhase;
			buildActionMask = 2147483647;
			files = (
				A07C0A8022186463008DC5A9 /* ViewController.swift in Sources */,
				A07C0A7E22186463008DC5A9 /* AppDelegate.swift in Sources */,
				CACF0332221C0F3100995B82 /* Utils.swift in Sources */,
			);
			runOnlyForDeploymentPostprocessing = 0;
		};
/* End PBXSourcesBuildPhase section */

/* Begin PBXVariantGroup section */
		A07C0A8122186463008DC5A9 /* Main.storyboard */ = {
			isa = PBXVariantGroup;
			children = (
				A07C0A8222186463008DC5A9 /* Base */,
			);
			name = Main.storyboard;
			sourceTree = "<group>";
		};
/* End PBXVariantGroup section */

/* Begin XCBuildConfiguration section */
		A07C0A8722186464008DC5A9 /* Debug */ = {
			isa = XCBuildConfiguration;
			buildSettings = {
				ALWAYS_SEARCH_USER_PATHS = NO;
				CLANG_ANALYZER_NONNULL = YES;
				CLANG_ANALYZER_NUMBER_OBJECT_CONVERSION = YES_AGGRESSIVE;
				CLANG_CXX_LANGUAGE_STANDARD = "gnu++14";
				CLANG_CXX_LIBRARY = "libc++";
				CLANG_ENABLE_MODULES = YES;
				CLANG_ENABLE_OBJC_ARC = YES;
				CLANG_ENABLE_OBJC_WEAK = YES;
				CLANG_WARN_BLOCK_CAPTURE_AUTORELEASING = YES;
				CLANG_WARN_BOOL_CONVERSION = YES;
				CLANG_WARN_COMMA = YES;
				CLANG_WARN_CONSTANT_CONVERSION = YES;
				CLANG_WARN_DEPRECATED_OBJC_IMPLEMENTATIONS = YES;
				CLANG_WARN_DIRECT_OBJC_ISA_USAGE = YES_ERROR;
				CLANG_WARN_DOCUMENTATION_COMMENTS = YES;
				CLANG_WARN_EMPTY_BODY = YES;
				CLANG_WARN_ENUM_CONVERSION = YES;
				CLANG_WARN_INFINITE_RECURSION = YES;
				CLANG_WARN_INT_CONVERSION = YES;
				CLANG_WARN_NON_LITERAL_NULL_CONVERSION = YES;
				CLANG_WARN_OBJC_IMPLICIT_RETAIN_SELF = YES;
				CLANG_WARN_OBJC_LITERAL_CONVERSION = YES;
				CLANG_WARN_OBJC_ROOT_CLASS = YES_ERROR;
				CLANG_WARN_RANGE_LOOP_ANALYSIS = YES;
				CLANG_WARN_STRICT_PROTOTYPES = YES;
				CLANG_WARN_SUSPICIOUS_MOVE = YES;
				CLANG_WARN_UNGUARDED_AVAILABILITY = YES_AGGRESSIVE;
				CLANG_WARN_UNREACHABLE_CODE = YES;
				CLANG_WARN__DUPLICATE_METHOD_MATCH = YES;
				COPY_PHASE_STRIP = NO;
				DEBUG_INFORMATION_FORMAT = dwarf;
				ENABLE_STRICT_OBJC_MSGSEND = YES;
				ENABLE_TESTABILITY = YES;
				GCC_C_LANGUAGE_STANDARD = gnu11;
				GCC_DYNAMIC_NO_PIC = NO;
				GCC_NO_COMMON_BLOCKS = YES;
				GCC_OPTIMIZATION_LEVEL = 0;
				GCC_PREPROCESSOR_DEFINITIONS = (
					"DEBUG=1",
					"$(inherited)",
				);
				GCC_WARN_64_TO_32_BIT_CONVERSION = YES;
				GCC_WARN_ABOUT_RETURN_TYPE = YES_ERROR;
				GCC_WARN_UNDECLARED_SELECTOR = YES;
				GCC_WARN_UNINITIALIZED_AUTOS = YES_AGGRESSIVE;
				GCC_WARN_UNUSED_FUNCTION = YES;
				GCC_WARN_UNUSED_VARIABLE = YES;
				MTL_ENABLE_DEBUG_INFO = INCLUDE_SOURCE;
				MTL_FAST_MATH = YES;
				ONLY_ACTIVE_ARCH = YES;
				SDKROOT = appletvos;
				SWIFT_ACTIVE_COMPILATION_CONDITIONS = DEBUG;
				SWIFT_OPTIMIZATION_LEVEL = "-Onone";
				TVOS_DEPLOYMENT_TARGET = 12.1;
			};
			name = Debug;
		};
		A07C0A8822186464008DC5A9 /* Release */ = {
			isa = XCBuildConfiguration;
			buildSettings = {
				ALWAYS_SEARCH_USER_PATHS = NO;
				CLANG_ANALYZER_NONNULL = YES;
				CLANG_ANALYZER_NUMBER_OBJECT_CONVERSION = YES_AGGRESSIVE;
				CLANG_CXX_LANGUAGE_STANDARD = "gnu++14";
				CLANG_CXX_LIBRARY = "libc++";
				CLANG_ENABLE_MODULES = YES;
				CLANG_ENABLE_OBJC_ARC = YES;
				CLANG_ENABLE_OBJC_WEAK = YES;
				CLANG_WARN_BLOCK_CAPTURE_AUTORELEASING = YES;
				CLANG_WARN_BOOL_CONVERSION = YES;
				CLANG_WARN_COMMA = YES;
				CLANG_WARN_CONSTANT_CONVERSION = YES;
				CLANG_WARN_DEPRECATED_OBJC_IMPLEMENTATIONS = YES;
				CLANG_WARN_DIRECT_OBJC_ISA_USAGE = YES_ERROR;
				CLANG_WARN_DOCUMENTATION_COMMENTS = YES;
				CLANG_WARN_EMPTY_BODY = YES;
				CLANG_WARN_ENUM_CONVERSION = YES;
				CLANG_WARN_INFINITE_RECURSION = YES;
				CLANG_WARN_INT_CONVERSION = YES;
				CLANG_WARN_NON_LITERAL_NULL_CONVERSION = YES;
				CLANG_WARN_OBJC_IMPLICIT_RETAIN_SELF = YES;
				CLANG_WARN_OBJC_LITERAL_CONVERSION = YES;
				CLANG_WARN_OBJC_ROOT_CLASS = YES_ERROR;
				CLANG_WARN_RANGE_LOOP_ANALYSIS = YES;
				CLANG_WARN_STRICT_PROTOTYPES = YES;
				CLANG_WARN_SUSPICIOUS_MOVE = YES;
				CLANG_WARN_UNGUARDED_AVAILABILITY = YES_AGGRESSIVE;
				CLANG_WARN_UNREACHABLE_CODE = YES;
				CLANG_WARN__DUPLICATE_METHOD_MATCH = YES;
				COPY_PHASE_STRIP = NO;
				DEBUG_INFORMATION_FORMAT = "dwarf-with-dsym";
				ENABLE_NS_ASSERTIONS = NO;
				ENABLE_STRICT_OBJC_MSGSEND = YES;
				GCC_C_LANGUAGE_STANDARD = gnu11;
				GCC_NO_COMMON_BLOCKS = YES;
				GCC_WARN_64_TO_32_BIT_CONVERSION = YES;
				GCC_WARN_ABOUT_RETURN_TYPE = YES_ERROR;
				GCC_WARN_UNDECLARED_SELECTOR = YES;
				GCC_WARN_UNINITIALIZED_AUTOS = YES_AGGRESSIVE;
				GCC_WARN_UNUSED_FUNCTION = YES;
				GCC_WARN_UNUSED_VARIABLE = YES;
				MTL_ENABLE_DEBUG_INFO = NO;
				MTL_FAST_MATH = YES;
				SDKROOT = appletvos;
				SWIFT_COMPILATION_MODE = wholemodule;
				SWIFT_OPTIMIZATION_LEVEL = "-O";
				TVOS_DEPLOYMENT_TARGET = 12.1;
				VALIDATE_PRODUCT = YES;
			};
			name = Release;
		};
		A07C0A8A22186464008DC5A9 /* Debug */ = {
			isa = XCBuildConfiguration;
			baseConfigurationReference = 83D9C3D91C90603D59F915A7 /* Pods-Driftwood_tvOS.debug.xcconfig */;
			buildSettings = {
				ASSETCATALOG_COMPILER_APPICON_NAME = "App Icon & Top Shelf Image";
				ASSETCATALOG_COMPILER_LAUNCHIMAGE_NAME = "Launch Image";
				CODE_SIGN_STYLE = Automatic;
				INFOPLIST_FILE = Driftwood_tvOS/Info.plist;
				LD_RUNPATH_SEARCH_PATHS = (
					"$(inherited)",
					"@executable_path/Frameworks",
				);
				PRODUCT_BUNDLE_IDENTIFIER = "com.wlgemini.Driftwood-tvOS";
				PRODUCT_NAME = "$(TARGET_NAME)";
				SWIFT_VERSION = 5.0;
				TARGETED_DEVICE_FAMILY = 3;
			};
			name = Debug;
		};
		A07C0A8B22186464008DC5A9 /* Release */ = {
			isa = XCBuildConfiguration;
			baseConfigurationReference = 92D58BAE2BA5C5612C13B445 /* Pods-Driftwood_tvOS.release.xcconfig */;
			buildSettings = {
				ASSETCATALOG_COMPILER_APPICON_NAME = "App Icon & Top Shelf Image";
				ASSETCATALOG_COMPILER_LAUNCHIMAGE_NAME = "Launch Image";
				CODE_SIGN_STYLE = Automatic;
				INFOPLIST_FILE = Driftwood_tvOS/Info.plist;
				LD_RUNPATH_SEARCH_PATHS = (
					"$(inherited)",
					"@executable_path/Frameworks",
				);
				PRODUCT_BUNDLE_IDENTIFIER = "com.wlgemini.Driftwood-tvOS";
				PRODUCT_NAME = "$(TARGET_NAME)";
				SWIFT_VERSION = 5.0;
				TARGETED_DEVICE_FAMILY = 3;
			};
			name = Release;
		};
/* End XCBuildConfiguration section */

/* Begin XCConfigurationList section */
		A07C0A7522186463008DC5A9 /* Build configuration list for PBXProject "Driftwood_tvOS" */ = {
			isa = XCConfigurationList;
			buildConfigurations = (
				A07C0A8722186464008DC5A9 /* Debug */,
				A07C0A8822186464008DC5A9 /* Release */,
			);
			defaultConfigurationIsVisible = 0;
			defaultConfigurationName = Release;
		};
		A07C0A8922186464008DC5A9 /* Build configuration list for PBXNativeTarget "Driftwood_tvOS" */ = {
			isa = XCConfigurationList;
			buildConfigurations = (
				A07C0A8A22186464008DC5A9 /* Debug */,
				A07C0A8B22186464008DC5A9 /* Release */,
			);
			defaultConfigurationIsVisible = 0;
			defaultConfigurationName = Release;
		};
/* End XCConfigurationList section */
	};
	rootObject = A07C0A7222186463008DC5A9 /* Project object */;
}
