// !$*UTF8*$!
{
	archiveVersion = 1;
	classes = {
	};
	objectVersion = 50;
	objects = {

/* Begin PBXBuildFile section */
		9A98896974C45F3F58E1C76B /* Pods_Driftwood_iOS.framework in Frameworks */ = {isa = PBXBuildFile; fileRef = EDAD3734FF1F2885AEC7F0EA /* Pods_Driftwood_iOS.framework */; };
		CA3B58F721F575B300323498 /* AppDelegate.swift in Sources */ = {isa = PBXBuildFile; fileRef = CA3B58F621F575B300323498 /* AppDelegate.swift */; };
		CA3B58F921F575B300323498 /* ViewController.swift in Sources */ = {isa = PBXBuildFile; fileRef = CA3B58F821F575B300323498 /* ViewController.swift */; };
		CA3B58FC21F575B300323498 /* Main.storyboard in Resources */ = {isa = PBXBuildFile; fileRef = CA3B58FA21F575B300323498 /* Main.storyboard */; };
		CA3B58FE21F575B400323498 /* Assets.xcassets in Resources */ = {isa = PBXBuildFile; fileRef = CA3B58FD21F575B400323498 /* Assets.xcassets */; };
		CA3B590121F575B400323498 /* LaunchScreen.storyboard in Resources */ = {isa = PBXBuildFile; fileRef = CA3B58FF21F575B400323498 /* LaunchScreen.storyboard */; };
		CA3B590B21F5771100323498 /* UIView+Driftwood.swift in Sources */ = {isa = PBXBuildFile; fileRef = CA3B590A21F5771100323498 /* UIView+Driftwood.swift */; };
/* End PBXBuildFile section */

/* Begin PBXFileReference section */
		B5C594286C017320476E8C96 /* Pods-Driftwood_iOS.release.xcconfig */ = {isa = PBXFileReference; includeInIndex = 1; lastKnownFileType = text.xcconfig; name = "Pods-Driftwood_iOS.release.xcconfig"; path = "Target Support Files/Pods-Driftwood_iOS/Pods-Driftwood_iOS.release.xcconfig"; sourceTree = "<group>"; };
		CA3B58F321F575B300323498 /* Driftwood_iOS.app */ = {isa = PBXFileReference; explicitFileType = wrapper.application; includeInIndex = 0; path = Driftwood_iOS.app; sourceTree = BUILT_PRODUCTS_DIR; };
		CA3B58F621F575B300323498 /* AppDelegate.swift */ = {isa = PBXFileReference; lastKnownFileType = sourcecode.swift; path = AppDelegate.swift; sourceTree = "<group>"; };
		CA3B58F821F575B300323498 /* ViewController.swift */ = {isa = PBXFileReference; lastKnownFileType = sourcecode.swift; path = ViewController.swift; sourceTree = "<group>"; };
		CA3B58FB21F575B300323498 /* Base */ = {isa = PBXFileReference; lastKnownFileType = file.storyboard; name = Base; path = Base.lproj/Main.storyboard; sourceTree = "<group>"; };
		CA3B58FD21F575B400323498 /* Assets.xcassets */ = {isa = PBXFileReference; lastKnownFileType = folder.assetcatalog; path = Assets.xcassets; sourceTree = "<group>"; };
		CA3B590021F575B400323498 /* Base */ = {isa = PBXFileReference; lastKnownFileType = file.storyboard; name = Base; path = Base.lproj/LaunchScreen.storyboard; sourceTree = "<group>"; };
		CA3B590221F575B400323498 /* Info.plist */ = {isa = PBXFileReference; lastKnownFileType = text.plist.xml; path = Info.plist; sourceTree = "<group>"; };
		CA3B590A21F5771100323498 /* UIView+Driftwood.swift */ = {isa = PBXFileReference; fileEncoding = 4; lastKnownFileType = sourcecode.swift; path = "UIView+Driftwood.swift"; sourceTree = "<group>"; };
		E3CED432D914D15FF54429B6 /* Pods-Driftwood_iOS.debug.xcconfig */ = {isa = PBXFileReference; includeInIndex = 1; lastKnownFileType = text.xcconfig; name = "Pods-Driftwood_iOS.debug.xcconfig"; path = "Target Support Files/Pods-Driftwood_iOS/Pods-Driftwood_iOS.debug.xcconfig"; sourceTree = "<group>"; };
		EDAD3734FF1F2885AEC7F0EA /* Pods_Driftwood_iOS.framework */ = {isa = PBXFileReference; explicitFileType = wrapper.framework; includeInIndex = 0; path = Pods_Driftwood_iOS.framework; sourceTree = BUILT_PRODUCTS_DIR; };
/* End PBXFileReference section */

/* Begin PBXFrameworksBuildPhase section */
		CA3B58F021F575B300323498 /* Frameworks */ = {
			isa = PBXFrameworksBuildPhase;
			buildActionMask = 2147483647;
			files = (
				9A98896974C45F3F58E1C76B /* Pods_Driftwood_iOS.framework in Frameworks */,
			);
			runOnlyForDeploymentPostprocessing = 0;
		};
/* End PBXFrameworksBuildPhase section */

/* Begin PBXGroup section */
		096E51491E5F20FA95D645B2 /* Frameworks */ = {
			isa = PBXGroup;
			children = (
				EDAD3734FF1F2885AEC7F0EA /* Pods_Driftwood_iOS.framework */,
			);
			name = Frameworks;
			sourceTree = "<group>";
		};
		7798D1AAD6CA3F1539C1BA8E /* Pods */ = {
			isa = PBXGroup;
			children = (
				E3CED432D914D15FF54429B6 /* Pods-Driftwood_iOS.debug.xcconfig */,
				B5C594286C017320476E8C96 /* Pods-Driftwood_iOS.release.xcconfig */,
			);
			path = Pods;
			sourceTree = "<group>";
		};
		CA3B58EA21F575B300323498 = {
			isa = PBXGroup;
			children = (
				CA3B58F521F575B300323498 /* Driftwood_iOS */,
				CA3B58F421F575B300323498 /* Products */,
				7798D1AAD6CA3F1539C1BA8E /* Pods */,
				096E51491E5F20FA95D645B2 /* Frameworks */,
			);
			sourceTree = "<group>";
		};
		CA3B58F421F575B300323498 /* Products */ = {
			isa = PBXGroup;
			children = (
				CA3B58F321F575B300323498 /* Driftwood_iOS.app */,
			);
			name = Products;
			sourceTree = "<group>";
		};
		CA3B58F521F575B300323498 /* Driftwood_iOS */ = {
			isa = PBXGroup;
			children = (
				CA3B58F621F575B300323498 /* AppDelegate.swift */,
				CA3B590A21F5771100323498 /* UIView+Driftwood.swift */,
				CA3B58F821F575B300323498 /* ViewController.swift */,
				CA3B58FA21F575B300323498 /* Main.storyboard */,
				CA3B58FD21F575B400323498 /* Assets.xcassets */,
				CA3B58FF21F575B400323498 /* LaunchScreen.storyboard */,
				CA3B590221F575B400323498 /* Info.plist */,
			);
			path = Driftwood_iOS;
			sourceTree = "<group>";
		};
/* End PBXGroup section */

/* Begin PBXNativeTarget section */
		CA3B58F221F575B300323498 /* Driftwood_iOS */ = {
			isa = PBXNativeTarget;
			buildConfigurationList = CA3B590521F575B400323498 /* Build configuration list for PBXNativeTarget "Driftwood_iOS" */;
			buildPhases = (
				1A37ECE302C158D8629F8CD0 /* [CP] Check Pods Manifest.lock */,
				CA3B58EF21F575B300323498 /* Sources */,
				CA3B58F021F575B300323498 /* Frameworks */,
				CA3B58F121F575B300323498 /* Resources */,
				5091E98C15CF60435CC4AB4E /* [CP] Embed Pods Frameworks */,
			);
			buildRules = (
			);
			dependencies = (
			);
			name = Driftwood_iOS;
			productName = Driftwood_iOS;
			productReference = CA3B58F321F575B300323498 /* Driftwood_iOS.app */;
			productType = "com.apple.product-type.application";
		};
/* End PBXNativeTarget section */

/* Begin PBXProject section */
		CA3B58EB21F575B300323498 /* Project object */ = {
			isa = PBXProject;
			attributes = {
				LastSwiftUpdateCheck = 1010;
				LastUpgradeCheck = 1010;
				ORGANIZATIONNAME = wlgemini;
				TargetAttributes = {
					CA3B58F221F575B300323498 = {
						CreatedOnToolsVersion = 10.1;
					};
				};
			};
			buildConfigurationList = CA3B58EE21F575B300323498 /* Build configuration list for PBXProject "Driftwood_iOS" */;
			compatibilityVersion = "Xcode 9.3";
			developmentRegion = en;
			hasScannedForEncodings = 0;
			knownRegions = (
				en,
				Base,
			);
			mainGroup = CA3B58EA21F575B300323498;
			productRefGroup = CA3B58F421F575B300323498 /* Products */;
			projectDirPath = "";
			projectRoot = "";
			targets = (
				CA3B58F221F575B300323498 /* Driftwood_iOS */,
			);
		};
/* End PBXProject section */

/* Begin PBXResourcesBuildPhase section */
		CA3B58F121F575B300323498 /* Resources */ = {
			isa = PBXResourcesBuildPhase;
			buildActionMask = 2147483647;
			files = (
				CA3B590121F575B400323498 /* LaunchScreen.storyboard in Resources */,
				CA3B58FE21F575B400323498 /* Assets.xcassets in Resources */,
				CA3B58FC21F575B300323498 /* Main.storyboard in Resources */,
			);
			runOnlyForDeploymentPostprocessing = 0;
		};
/* End PBXResourcesBuildPhase section */

/* Begin PBXShellScriptBuildPhase section */
		1A37ECE302C158D8629F8CD0 /* [CP] Check Pods Manifest.lock */ = {
			isa = PBXShellScriptBuildPhase;
			buildActionMask = 2147483647;
			files = (
			);
			inputFileListPaths = (
			);
			inputPaths = (
				"${PODS_PODFILE_DIR_PATH}/Podfile.lock",
				"${PODS_ROOT}/Manifest.lock",
			);
			name = "[CP] Check Pods Manifest.lock";
			outputFileListPaths = (
			);
			outputPaths = (
				"$(DERIVED_FILE_DIR)/Pods-Driftwood_iOS-checkManifestLockResult.txt",
			);
			runOnlyForDeploymentPostprocessing = 0;
			shellPath = /bin/sh;
			shellScript = "diff \"${PODS_PODFILE_DIR_PATH}/Podfile.lock\" \"${PODS_ROOT}/Manifest.lock\" > /dev/null\nif [ $? != 0 ] ; then\n    # print error to STDERR\n    echo \"error: The sandbox is not in sync with the Podfile.lock. Run 'pod install' or update your CocoaPods installation.\" >&2\n    exit 1\nfi\n# This output is used by Xcode 'outputs' to avoid re-running this script phase.\necho \"SUCCESS\" > \"${SCRIPT_OUTPUT_FILE_0}\"\n";
			showEnvVarsInLog = 0;
		};
		5091E98C15CF60435CC4AB4E /* [CP] Embed Pods Frameworks */ = {
			isa = PBXShellScriptBuildPhase;
			buildActionMask = 2147483647;
			files = (
			);
			inputFileListPaths = (
			);
			inputPaths = (
				"${PODS_ROOT}/Target Support Files/Pods-Driftwood_iOS/Pods-Driftwood_iOS-frameworks.sh",
				"${BUILT_PRODUCTS_DIR}/Driftwood/Driftwood.framework",
			);
			name = "[CP] Embed Pods Frameworks";
			outputFileListPaths = (
			);
			outputPaths = (
				"${TARGET_BUILD_DIR}/${FRAMEWORKS_FOLDER_PATH}/Driftwood.framework",
			);
			runOnlyForDeploymentPostprocessing = 0;
			shellPath = /bin/sh;
			shellScript = "\"${PODS_ROOT}/Target Support Files/Pods-Driftwood_iOS/Pods-Driftwood_iOS-frameworks.sh\"\n";
			showEnvVarsInLog = 0;
		};
/* End PBXShellScriptBuildPhase section */

/* Begin PBXSourcesBuildPhase section */
		CA3B58EF21F575B300323498 /* Sources */ = {
			isa = PBXSourcesBuildPhase;
			buildActionMask = 2147483647;
			files = (
				CA3B590B21F5771100323498 /* UIView+Driftwood.swift in Sources */,
				CA3B58F921F575B300323498 /* ViewController.swift in Sources */,
				CA3B58F721F575B300323498 /* AppDelegate.swift in Sources */,
			);
			runOnlyForDeploymentPostprocessing = 0;
		};
/* End PBXSourcesBuildPhase section */

/* Begin PBXVariantGroup section */
		CA3B58FA21F575B300323498 /* Main.storyboard */ = {
			isa = PBXVariantGroup;
			children = (
				CA3B58FB21F575B300323498 /* Base */,
			);
			name = Main.storyboard;
			sourceTree = "<group>";
		};
		CA3B58FF21F575B400323498 /* LaunchScreen.storyboard */ = {
			isa = PBXVariantGroup;
			children = (
				CA3B590021F575B400323498 /* Base */,
			);
			name = LaunchScreen.storyboard;
			sourceTree = "<group>";
		};
/* End PBXVariantGroup section */

/* Begin XCBuildConfiguration section */
		CA3B590321F575B400323498 /* Debug */ = {
			isa = XCBuildConfiguration;
			buildSettings = {
				ALWAYS_SEARCH_USER_PATHS = NO;
				CLANG_ANALYZER_NONNULL = YES;
				CLANG_ANALYZER_NUMBER_OBJECT_CONVERSION = YES_AGGRESSIVE;
				CLANG_CXX_LANGUAGE_STANDARD = "gnu++14";
				CLANG_CXX_LIBRARY = "libc++";
				CLANG_ENABLE_MODULES = YES;
				CLANG_ENABLE_OBJC_ARC = YES;
				CLANG_ENABLE_OBJC_WEAK = YES;
				CLANG_WARN_BLOCK_CAPTURE_AUTORELEASING = YES;
				CLANG_WARN_BOOL_CONVERSION = YES;
				CLANG_WARN_COMMA = YES;
				CLANG_WARN_CONSTANT_CONVERSION = YES;
				CLANG_WARN_DEPRECATED_OBJC_IMPLEMENTATIONS = YES;
				CLANG_WARN_DIRECT_OBJC_ISA_USAGE = YES_ERROR;
				CLANG_WARN_DOCUMENTATION_COMMENTS = YES;
				CLANG_WARN_EMPTY_BODY = YES;
				CLANG_WARN_ENUM_CONVERSION = YES;
				CLANG_WARN_INFINITE_RECURSION = YES;
				CLANG_WARN_INT_CONVERSION = YES;
				CLANG_WARN_NON_LITERAL_NULL_CONVERSION = YES;
				CLANG_WARN_OBJC_IMPLICIT_RETAIN_SELF = YES;
				CLANG_WARN_OBJC_LITERAL_CONVERSION = YES;
				CLANG_WARN_OBJC_ROOT_CLASS = YES_ERROR;
				CLANG_WARN_RANGE_LOOP_ANALYSIS = YES;
				CLANG_WARN_STRICT_PROTOTYPES = YES;
				CLANG_WARN_SUSPICIOUS_MOVE = YES;
				CLANG_WARN_UNGUARDED_AVAILABILITY = YES_AGGRESSIVE;
				CLANG_WARN_UNREACHABLE_CODE = YES;
				CLANG_WARN__DUPLICATE_METHOD_MATCH = YES;
				CODE_SIGN_IDENTITY = "iPhone Developer";
				COPY_PHASE_STRIP = NO;
				DEBUG_INFORMATION_FORMAT = dwarf;
				ENABLE_STRICT_OBJC_MSGSEND = YES;
				ENABLE_TESTABILITY = YES;
				GCC_C_LANGUAGE_STANDARD = gnu11;
				GCC_DYNAMIC_NO_PIC = NO;
				GCC_NO_COMMON_BLOCKS = YES;
				GCC_OPTIMIZATION_LEVEL = 0;
				GCC_PREPROCESSOR_DEFINITIONS = (
					"DEBUG=1",
					"$(inherited)",
				);
				GCC_WARN_64_TO_32_BIT_CONVERSION = YES;
				GCC_WARN_ABOUT_RETURN_TYPE = YES_ERROR;
				GCC_WARN_UNDECLARED_SELECTOR = YES;
				GCC_WARN_UNINITIALIZED_AUTOS = YES_AGGRESSIVE;
				GCC_WARN_UNUSED_FUNCTION = YES;
				GCC_WARN_UNUSED_VARIABLE = YES;
				IPHONEOS_DEPLOYMENT_TARGET = 12.1;
				MTL_ENABLE_DEBUG_INFO = INCLUDE_SOURCE;
				MTL_FAST_MATH = YES;
				ONLY_ACTIVE_ARCH = YES;
				SDKROOT = iphoneos;
				SWIFT_ACTIVE_COMPILATION_CONDITIONS = DEBUG;
				SWIFT_OPTIMIZATION_LEVEL = "-Onone";
			};
			name = Debug;
		};
		CA3B590421F575B400323498 /* Release */ = {
			isa = XCBuildConfiguration;
			buildSettings = {
				ALWAYS_SEARCH_USER_PATHS = NO;
				CLANG_ANALYZER_NONNULL = YES;
				CLANG_ANALYZER_NUMBER_OBJECT_CONVERSION = YES_AGGRESSIVE;
				CLANG_CXX_LANGUAGE_STANDARD = "gnu++14";
				CLANG_CXX_LIBRARY = "libc++";
				CLANG_ENABLE_MODULES = YES;
				CLANG_ENABLE_OBJC_ARC = YES;
				CLANG_ENABLE_OBJC_WEAK = YES;
				CLANG_WARN_BLOCK_CAPTURE_AUTORELEASING = YES;
				CLANG_WARN_BOOL_CONVERSION = YES;
				CLANG_WARN_COMMA = YES;
				CLANG_WARN_CONSTANT_CONVERSION = YES;
				CLANG_WARN_DEPRECATED_OBJC_IMPLEMENTATIONS = YES;
				CLANG_WARN_DIRECT_OBJC_ISA_USAGE = YES_ERROR;
				CLANG_WARN_DOCUMENTATION_COMMENTS = YES;
				CLANG_WARN_EMPTY_BODY = YES;
				CLANG_WARN_ENUM_CONVERSION = YES;
				CLANG_WARN_INFINITE_RECURSION = YES;
				CLANG_WARN_INT_CONVERSION = YES;
				CLANG_WARN_NON_LITERAL_NULL_CONVERSION = YES;
				CLANG_WARN_OBJC_IMPLICIT_RETAIN_SELF = YES;
				CLANG_WARN_OBJC_LITERAL_CONVERSION = YES;
				CLANG_WARN_OBJC_ROOT_CLASS = YES_ERROR;
				CLANG_WARN_RANGE_LOOP_ANALYSIS = YES;
				CLANG_WARN_STRICT_PROTOTYPES = YES;
				CLANG_WARN_SUSPICIOUS_MOVE = YES;
				CLANG_WARN_UNGUARDED_AVAILABILITY = YES_AGGRESSIVE;
				CLANG_WARN_UNREACHABLE_CODE = YES;
				CLANG_WARN__DUPLICATE_METHOD_MATCH = YES;
				CODE_SIGN_IDENTITY = "iPhone Developer";
				COPY_PHASE_STRIP = NO;
				DEBUG_INFORMATION_FORMAT = "dwarf-with-dsym";
				ENABLE_NS_ASSERTIONS = NO;
				ENABLE_STRICT_OBJC_MSGSEND = YES;
				GCC_C_LANGUAGE_STANDARD = gnu11;
				GCC_NO_COMMON_BLOCKS = YES;
				GCC_WARN_64_TO_32_BIT_CONVERSION = YES;
				GCC_WARN_ABOUT_RETURN_TYPE = YES_ERROR;
				GCC_WARN_UNDECLARED_SELECTOR = YES;
				GCC_WARN_UNINITIALIZED_AUTOS = YES_AGGRESSIVE;
				GCC_WARN_UNUSED_FUNCTION = YES;
				GCC_WARN_UNUSED_VARIABLE = YES;
				IPHONEOS_DEPLOYMENT_TARGET = 12.1;
				MTL_ENABLE_DEBUG_INFO = NO;
				MTL_FAST_MATH = YES;
				SDKROOT = iphoneos;
				SWIFT_COMPILATION_MODE = wholemodule;
				SWIFT_OPTIMIZATION_LEVEL = "-O";
				VALIDATE_PRODUCT = YES;
			};
			name = Release;
		};
		CA3B590621F575B400323498 /* Debug */ = {
			isa = XCBuildConfiguration;
			baseConfigurationReference = E3CED432D914D15FF54429B6 /* Pods-Driftwood_iOS.debug.xcconfig */;
			buildSettings = {
				ASSETCATALOG_COMPILER_APPICON_NAME = AppIcon;
				CODE_SIGN_STYLE = Automatic;
				INFOPLIST_FILE = Driftwood_iOS/Info.plist;
				LD_RUNPATH_SEARCH_PATHS = (
					"$(inherited)",
					"@executable_path/Frameworks",
				);
				PRODUCT_BUNDLE_IDENTIFIER = "com.wlgemini.Driftwood-iOS";
				PRODUCT_NAME = "$(TARGET_NAME)";
				SWIFT_VERSION = 4.2;
				TARGETED_DEVICE_FAMILY = "1,2";
			};
			name = Debug;
		};
		CA3B590721F575B400323498 /* Release */ = {
			isa = XCBuildConfiguration;
			baseConfigurationReference = B5C594286C017320476E8C96 /* Pods-Driftwood_iOS.release.xcconfig */;
			buildSettings = {
				ASSETCATALOG_COMPILER_APPICON_NAME = AppIcon;
				CODE_SIGN_STYLE = Automatic;
				INFOPLIST_FILE = Driftwood_iOS/Info.plist;
				LD_RUNPATH_SEARCH_PATHS = (
					"$(inherited)",
					"@executable_path/Frameworks",
				);
				PRODUCT_BUNDLE_IDENTIFIER = "com.wlgemini.Driftwood-iOS";
				PRODUCT_NAME = "$(TARGET_NAME)";
				SWIFT_VERSION = 4.2;
				TARGETED_DEVICE_FAMILY = "1,2";
			};
			name = Release;
		};
/* End XCBuildConfiguration section */

/* Begin XCConfigurationList section */
		CA3B58EE21F575B300323498 /* Build configuration list for PBXProject "Driftwood_iOS" */ = {
			isa = XCConfigurationList;
			buildConfigurations = (
				CA3B590321F575B400323498 /* Debug */,
				CA3B590421F575B400323498 /* Release */,
			);
			defaultConfigurationIsVisible = 0;
			defaultConfigurationName = Release;
		};
		CA3B590521F575B400323498 /* Build configuration list for PBXNativeTarget "Driftwood_iOS" */ = {
			isa = XCConfigurationList;
			buildConfigurations = (
				CA3B590621F575B400323498 /* Debug */,
				CA3B590721F575B400323498 /* Release */,
			);
			defaultConfigurationIsVisible = 0;
			defaultConfigurationName = Release;
		};
/* End XCConfigurationList section */
	};
	rootObject = CA3B58EB21F575B300323498 /* Project object */;
}
